
Microsoft Visual Studio Solution File, Format Version 12.00
# Visual Studio Version 17
VisualStudioVersion = 17.3.32922.545
MinimumVisualStudioVersion = 10.0.40219.1
Project("{FAE04EC0-301F-11D3-BF4B-00C04F79EFBC}") = "Todea_Denisa_Lab2", "Todea_Denisa_Lab2.csproj", "{7B6986C9-9059-4AE5-B0CD-C6FFC8AA63EB}"
EndProject
Global
	GlobalSection(SolutionConfigurationPlatforms) = preSolution
		Debug|Any CPU = Debug|Any CPU
		Release|Any CPU = Release|Any CPU
	EndGlobalSection
	GlobalSection(ProjectConfigurationPlatforms) = postSolution
		{7B6986C9-9059-4AE5-B0CD-C6FFC8AA63EB}.Debug|Any CPU.ActiveCfg = Debug|Any CPU
		{7B6986C9-9059-4AE5-B0CD-C6FFC8AA63EB}.Debug|Any CPU.Build.0 = Debug|Any CPU
		{7B6986C9-9059-4AE5-B0CD-C6FFC8AA63EB}.Release|Any CPU.ActiveCfg = Release|Any CPU
		{7B6986C9-9059-4AE5-B0CD-C6FFC8AA63EB}.Release|Any CPU.Build.0 = Release|Any CPU
	EndGlobalSection
	GlobalSection(SolutionProperties) = preSolution
		HideSolutionNode = FALSE
	EndGlobalSection
	GlobalSection(ExtensibilityGlobals) = postSolution
		SolutionGuid = {71EE0384-4791-405B-8986-D33C7F46421C}
	EndGlobalSection
EndGlobal
